// !$*UTF8*$!
{
	archiveVersion = 1;
	classes = {
	};
	objectVersion = 56;
	objects = {

/* Begin PBXBuildFile section */
		F122A2D72ADB3882002E82AE /* Testing2App.swift in Sources */ = {isa = PBXBuildFile; fileRef = F122A2D62ADB3882002E82AE /* Testing2App.swift */; };
		F122A2D92ADB3882002E82AE /* ContentView.swift in Sources */ = {isa = PBXBuildFile; fileRef = F122A2D82ADB3882002E82AE /* ContentView.swift */; };
		F122A2DB2ADB3886002E82AE /* Assets.xcassets in Resources */ = {isa = PBXBuildFile; fileRef = F122A2DA2ADB3886002E82AE /* Assets.xcassets */; };
		F122A2DE2ADB3886002E82AE /* Preview Assets.xcassets in Resources */ = {isa = PBXBuildFile; fileRef = F122A2DD2ADB3886002E82AE /* Preview Assets.xcassets */; };
		F122A2E82ADB3886002E82AE /* Testing2Tests.swift in Sources */ = {isa = PBXBuildFile; fileRef = F122A2E72ADB3886002E82AE /* Testing2Tests.swift */; };
		F122A2F22ADB3886002E82AE /* Testing2UITests.swift in Sources */ = {isa = PBXBuildFile; fileRef = F122A2F12ADB3886002E82AE /* Testing2UITests.swift */; };
		F122A2F42ADB3886002E82AE /* Testing2UITestsLaunchTests.swift in Sources */ = {isa = PBXBuildFile; fileRef = F122A2F32ADB3886002E82AE /* Testing2UITestsLaunchTests.swift */; };
		F122A3012ADB3AC0002E82AE /* DateLabelView.swift in Sources */ = {isa = PBXBuildFile; fileRef = F122A3002ADB3AC0002E82AE /* DateLabelView.swift */; };
		F122A3032ADB3C30002E82AE /* EventView.swift in Sources */ = {isa = PBXBuildFile; fileRef = F122A3022ADB3C30002E82AE /* EventView.swift */; };
		F122A3052ADB3D9B002E82AE /* NowView.swift in Sources */ = {isa = PBXBuildFile; fileRef = F122A3042ADB3D9B002E82AE /* NowView.swift */; };
/* End PBXBuildFile section */

/* Begin PBXContainerItemProxy section */
		F122A2E42ADB3886002E82AE /* PBXContainerItemProxy */ = {
			isa = PBXContainerItemProxy;
			containerPortal = F122A2CB2ADB3882002E82AE /* Project object */;
			proxyType = 1;
			remoteGlobalIDString = F122A2D22ADB3882002E82AE;
			remoteInfo = Testing2;
		};
		F122A2EE2ADB3886002E82AE /* PBXContainerItemProxy */ = {
			isa = PBXContainerItemProxy;
			containerPortal = F122A2CB2ADB3882002E82AE /* Project object */;
			proxyType = 1;
			remoteGlobalIDString = F122A2D22ADB3882002E82AE;
			remoteInfo = Testing2;
		};
/* End PBXContainerItemProxy section */

/* Begin PBXFileReference section */
		F122A2D32ADB3882002E82AE /* Testing2.app */ = {isa = PBXFileReference; explicitFileType = wrapper.application; includeInIndex = 0; path = Testing2.app; sourceTree = BUILT_PRODUCTS_DIR; };
		F122A2D62ADB3882002E82AE /* Testing2App.swift */ = {isa = PBXFileReference; lastKnownFileType = sourcecode.swift; path = Testing2App.swift; sourceTree = "<group>"; };
		F122A2D82ADB3882002E82AE /* ContentView.swift */ = {isa = PBXFileReference; lastKnownFileType = sourcecode.swift; path = ContentView.swift; sourceTree = "<group>"; };
		F122A2DA2ADB3886002E82AE /* Assets.xcassets */ = {isa = PBXFileReference; lastKnownFileType = folder.assetcatalog; path = Assets.xcassets; sourceTree = "<group>"; };
		F122A2DD2ADB3886002E82AE /* Preview Assets.xcassets */ = {isa = PBXFileReference; lastKnownFileType = folder.assetcatalog; path = "Preview Assets.xcassets"; sourceTree = "<group>"; };
		F122A2E32ADB3886002E82AE /* Testing2Tests.xctest */ = {isa = PBXFileReference; explicitFileType = wrapper.cfbundle; includeInIndex = 0; path = Testing2Tests.xctest; sourceTree = BUILT_PRODUCTS_DIR; };
		F122A2E72ADB3886002E82AE /* Testing2Tests.swift */ = {isa = PBXFileReference; lastKnownFileType = sourcecode.swift; path = Testing2Tests.swift; sourceTree = "<group>"; };
		F122A2ED2ADB3886002E82AE /* Testing2UITests.xctest */ = {isa = PBXFileReference; explicitFileType = wrapper.cfbundle; includeInIndex = 0; path = Testing2UITests.xctest; sourceTree = BUILT_PRODUCTS_DIR; };
		F122A2F12ADB3886002E82AE /* Testing2UITests.swift */ = {isa = PBXFileReference; lastKnownFileType = sourcecode.swift; path = Testing2UITests.swift; sourceTree = "<group>"; };
		F122A2F32ADB3886002E82AE /* Testing2UITestsLaunchTests.swift */ = {isa = PBXFileReference; lastKnownFileType = sourcecode.swift; path = Testing2UITestsLaunchTests.swift; sourceTree = "<group>"; };
		F122A3002ADB3AC0002E82AE /* DateLabelView.swift */ = {isa = PBXFileReference; lastKnownFileType = sourcecode.swift; path = DateLabelView.swift; sourceTree = "<group>"; };
		F122A3022ADB3C30002E82AE /* EventView.swift */ = {isa = PBXFileReference; lastKnownFileType = sourcecode.swift; path = EventView.swift; sourceTree = "<group>"; };
		F122A3042ADB3D9B002E82AE /* NowView.swift */ = {isa = PBXFileReference; lastKnownFileType = sourcecode.swift; path = NowView.swift; sourceTree = "<group>"; };
/* End PBXFileReference section */

/* Begin PBXFrameworksBuildPhase section */
		F122A2D02ADB3882002E82AE /* Frameworks */ = {
			isa = PBXFrameworksBuildPhase;
			buildActionMask = 2147483647;
			files = (
			);
			runOnlyForDeploymentPostprocessing = 0;
		};
		F122A2E02ADB3886002E82AE /* Frameworks */ = {
			isa = PBXFrameworksBuildPhase;
			buildActionMask = 2147483647;
			files = (
			);
			runOnlyForDeploymentPostprocessing = 0;
		};
		F122A2EA2ADB3886002E82AE /* Frameworks */ = {
			isa = PBXFrameworksBuildPhase;
			buildActionMask = 2147483647;
			files = (
			);
			runOnlyForDeploymentPostprocessing = 0;
		};
/* End PBXFrameworksBuildPhase section */

/* Begin PBXGroup section */
		F122A2CA2ADB3882002E82AE = {
			isa = PBXGroup;
			children = (
				F122A2D52ADB3882002E82AE /* Testing2 */,
				F122A2E62ADB3886002E82AE /* Testing2Tests */,
				F122A2F02ADB3886002E82AE /* Testing2UITests */,
				F122A2D42ADB3882002E82AE /* Products */,
			);
			sourceTree = "<group>";
		};
		F122A2D42ADB3882002E82AE /* Products */ = {
			isa = PBXGroup;
			children = (
				F122A2D32ADB3882002E82AE /* Testing2.app */,
				F122A2E32ADB3886002E82AE /* Testing2Tests.xctest */,
				F122A2ED2ADB3886002E82AE /* Testing2UITests.xctest */,
			);
			name = Products;
			sourceTree = "<group>";
		};
		F122A2D52ADB3882002E82AE /* Testing2 */ = {
			isa = PBXGroup;
			children = (
				F122A2D62ADB3882002E82AE /* Testing2App.swift */,
				F122A2D82ADB3882002E82AE /* ContentView.swift */,
				F122A3022ADB3C30002E82AE /* EventView.swift */,
				F122A3002ADB3AC0002E82AE /* DateLabelView.swift */,
				F122A3042ADB3D9B002E82AE /* NowView.swift */,
				F122A2DA2ADB3886002E82AE /* Assets.xcassets */,
				F122A2DC2ADB3886002E82AE /* Preview Content */,
			);
			path = Testing2;
			sourceTree = "<group>";
		};
		F122A2DC2ADB3886002E82AE /* Preview Content */ = {
			isa = PBXGroup;
			children = (
				F122A2DD2ADB3886002E82AE /* Preview Assets.xcassets */,
			);
			path = "Preview Content";
			sourceTree = "<group>";
		};
		F122A2E62ADB3886002E82AE /* Testing2Tests */ = {
			isa = PBXGroup;
			children = (
				F122A2E72ADB3886002E82AE /* Testing2Tests.swift */,
			);
			path = Testing2Tests;
			sourceTree = "<group>";
		};
		F122A2F02ADB3886002E82AE /* Testing2UITests */ = {
			isa = PBXGroup;
			children = (
				F122A2F12ADB3886002E82AE /* Testing2UITests.swift */,
				F122A2F32ADB3886002E82AE /* Testing2UITestsLaunchTests.swift */,
			);
			path = Testing2UITests;
			sourceTree = "<group>";
		};
/* End PBXGroup section */

/* Begin PBXNativeTarget section */
		F122A2D22ADB3882002E82AE /* Testing2 */ = {
			isa = PBXNativeTarget;
			buildConfigurationList = F122A2F72ADB3886002E82AE /* Build configuration list for PBXNativeTarget "Testing2" */;
			buildPhases = (
				F122A2CF2ADB3882002E82AE /* Sources */,
				F122A2D02ADB3882002E82AE /* Frameworks */,
				F122A2D12ADB3882002E82AE /* Resources */,
			);
			buildRules = (
			);
			dependencies = (
			);
			name = Testing2;
			productName = Testing2;
			productReference = F122A2D32ADB3882002E82AE /* Testing2.app */;
			productType = "com.apple.product-type.application";
		};
		F122A2E22ADB3886002E82AE /* Testing2Tests */ = {
			isa = PBXNativeTarget;
			buildConfigurationList = F122A2FA2ADB3886002E82AE /* Build configuration list for PBXNativeTarget "Testing2Tests" */;
			buildPhases = (
				F122A2DF2ADB3886002E82AE /* Sources */,
				F122A2E02ADB3886002E82AE /* Frameworks */,
				F122A2E12ADB3886002E82AE /* Resources */,
			);
			buildRules = (
			);
			dependencies = (
				F122A2E52ADB3886002E82AE /* PBXTargetDependency */,
			);
			name = Testing2Tests;
			productName = Testing2Tests;
			productReference = F122A2E32ADB3886002E82AE /* Testing2Tests.xctest */;
			productType = "com.apple.product-type.bundle.unit-test";
		};
		F122A2EC2ADB3886002E82AE /* Testing2UITests */ = {
			isa = PBXNativeTarget;
			buildConfigurationList = F122A2FD2ADB3886002E82AE /* Build configuration list for PBXNativeTarget "Testing2UITests" */;
			buildPhases = (
				F122A2E92ADB3886002E82AE /* Sources */,
				F122A2EA2ADB3886002E82AE /* Frameworks */,
				F122A2EB2ADB3886002E82AE /* Resources */,
			);
			buildRules = (
			);
			dependencies = (
				F122A2EF2ADB3886002E82AE /* PBXTargetDependency */,
			);
			name = Testing2UITests;
			productName = Testing2UITests;
			productReference = F122A2ED2ADB3886002E82AE /* Testing2UITests.xctest */;
			productType = "com.apple.product-type.bundle.ui-testing";
		};
/* End PBXNativeTarget section */

/* Begin PBXProject section */
		F122A2CB2ADB3882002E82AE /* Project object */ = {
			isa = PBXProject;
			attributes = {
				BuildIndependentTargetsInParallel = 1;
				LastSwiftUpdateCheck = 1400;
				LastUpgradeCheck = 1400;
				TargetAttributes = {
					F122A2D22ADB3882002E82AE = {
						CreatedOnToolsVersion = 14.0.1;
					};
					F122A2E22ADB3886002E82AE = {
						CreatedOnToolsVersion = 14.0.1;
						TestTargetID = F122A2D22ADB3882002E82AE;
					};
					F122A2EC2ADB3886002E82AE = {
						CreatedOnToolsVersion = 14.0.1;
						TestTargetID = F122A2D22ADB3882002E82AE;
					};
				};
			};
			buildConfigurationList = F122A2CE2ADB3882002E82AE /* Build configuration list for PBXProject "Testing2" */;
			compatibilityVersion = "Xcode 14.0";
			developmentRegion = en;
			hasScannedForEncodings = 0;
			knownRegions = (
				en,
				Base,
			);
			mainGroup = F122A2CA2ADB3882002E82AE;
			productRefGroup = F122A2D42ADB3882002E82AE /* Products */;
			projectDirPath = "";
			projectRoot = "";
			targets = (
				F122A2D22ADB3882002E82AE /* Testing2 */,
				F122A2E22ADB3886002E82AE /* Testing2Tests */,
				F122A2EC2ADB3886002E82AE /* Testing2UITests */,
			);
		};
/* End PBXProject section */

/* Begin PBXResourcesBuildPhase section */
		F122A2D12ADB3882002E82AE /* Resources */ = {
			isa = PBXResourcesBuildPhase;
			buildActionMask = 2147483647;
			files = (
				F122A2DE2ADB3886002E82AE /* Preview Assets.xcassets in Resources */,
				F122A2DB2ADB3886002E82AE /* Assets.xcassets in Resources */,
			);
			runOnlyForDeploymentPostprocessing = 0;
		};
		F122A2E12ADB3886002E82AE /* Resources */ = {
			isa = PBXResourcesBuildPhase;
			buildActionMask = 2147483647;
			files = (
			);
			runOnlyForDeploymentPostprocessing = 0;
		};
		F122A2EB2ADB3886002E82AE /* Resources */ = {
			isa = PBXResourcesBuildPhase;
			buildActionMask = 2147483647;
			files = (
			);
			runOnlyForDeploymentPostprocessing = 0;
		};
/* End PBXResourcesBuildPhase section */

/* Begin PBXSourcesBuildPhase section */
		F122A2CF2ADB3882002E82AE /* Sources */ = {
			isa = PBXSourcesBuildPhase;
			buildActionMask = 2147483647;
			files = (
				F122A2D92ADB3882002E82AE /* ContentView.swift in Sources */,
				F122A3052ADB3D9B002E82AE /* NowView.swift in Sources */,
				F122A3012ADB3AC0002E82AE /* DateLabelView.swift in Sources */,
				F122A2D72ADB3882002E82AE /* Testing2App.swift in Sources */,
				F122A3032ADB3C30002E82AE /* EventView.swift in Sources */,
			);
			runOnlyForDeploymentPostprocessing = 0;
		};
		F122A2DF2ADB3886002E82AE /* Sources */ = {
			isa = PBXSourcesBuildPhase;
			buildActionMask = 2147483647;
			files = (
				F122A2E82ADB3886002E82AE /* Testing2Tests.swift in Sources */,
			);
			runOnlyForDeploymentPostprocessing = 0;
		};
		F122A2E92ADB3886002E82AE /* Sources */ = {
			isa = PBXSourcesBuildPhase;
			buildActionMask = 2147483647;
			files = (
				F122A2F42ADB3886002E82AE /* Testing2UITestsLaunchTests.swift in Sources */,
				F122A2F22ADB3886002E82AE /* Testing2UITests.swift in Sources */,
			);
			runOnlyForDeploymentPostprocessing = 0;
		};
/* End PBXSourcesBuildPhase section */

/* Begin PBXTargetDependency section */
		F122A2E52ADB3886002E82AE /* PBXTargetDependency */ = {
			isa = PBXTargetDependency;
			target = F122A2D22ADB3882002E82AE /* Testing2 */;
			targetProxy = F122A2E42ADB3886002E82AE /* PBXContainerItemProxy */;
		};
		F122A2EF2ADB3886002E82AE /* PBXTargetDependency */ = {
			isa = PBXTargetDependency;
			target = F122A2D22ADB3882002E82AE /* Testing2 */;
			targetProxy = F122A2EE2ADB3886002E82AE /* PBXContainerItemProxy */;
		};
/* End PBXTargetDependency section */

/* Begin XCBuildConfiguration section */
		F122A2F52ADB3886002E82AE /* Debug */ = {
			isa = XCBuildConfiguration;
			buildSettings = {
				ALWAYS_SEARCH_USER_PATHS = NO;
				CLANG_ANALYZER_NONNULL = YES;
				CLANG_ANALYZER_NUMBER_OBJECT_CONVERSION = YES_AGGRESSIVE;
				CLANG_CXX_LANGUAGE_STANDARD = "gnu++20";
				CLANG_ENABLE_MODULES = YES;
				CLANG_ENABLE_OBJC_ARC = YES;
				CLANG_ENABLE_OBJC_WEAK = YES;
				CLANG_WARN_BLOCK_CAPTURE_AUTORELEASING = YES;
				CLANG_WARN_BOOL_CONVERSION = YES;
				CLANG_WARN_COMMA = YES;
				CLANG_WARN_CONSTANT_CONVERSION = YES;
				CLANG_WARN_DEPRECATED_OBJC_IMPLEMENTATIONS = YES;
				CLANG_WARN_DIRECT_OBJC_ISA_USAGE = YES_ERROR;
				CLANG_WARN_DOCUMENTATION_COMMENTS = YES;
				CLANG_WARN_EMPTY_BODY = YES;
				CLANG_WARN_ENUM_CONVERSION = YES;
				CLANG_WARN_INFINITE_RECURSION = YES;
				CLANG_WARN_INT_CONVERSION = YES;
				CLANG_WARN_NON_LITERAL_NULL_CONVERSION = YES;
				CLANG_WARN_OBJC_IMPLICIT_RETAIN_SELF = YES;
				CLANG_WARN_OBJC_LITERAL_CONVERSION = YES;
				CLANG_WARN_OBJC_ROOT_CLASS = YES_ERROR;
				CLANG_WARN_QUOTED_INCLUDE_IN_FRAMEWORK_HEADER = YES;
				CLANG_WARN_RANGE_LOOP_ANALYSIS = YES;
				CLANG_WARN_STRICT_PROTOTYPES = YES;
				CLANG_WARN_SUSPICIOUS_MOVE = YES;
				CLANG_WARN_UNGUARDED_AVAILABILITY = YES_AGGRESSIVE;
				CLANG_WARN_UNREACHABLE_CODE = YES;
				CLANG_WARN__DUPLICATE_METHOD_MATCH = YES;
				COPY_PHASE_STRIP = NO;
				DEBUG_INFORMATION_FORMAT = dwarf;
				ENABLE_STRICT_OBJC_MSGSEND = YES;
				ENABLE_TESTABILITY = YES;
				GCC_C_LANGUAGE_STANDARD = gnu11;
				GCC_DYNAMIC_NO_PIC = NO;
				GCC_NO_COMMON_BLOCKS = YES;
				GCC_OPTIMIZATION_LEVEL = 0;
				GCC_PREPROCESSOR_DEFINITIONS = (
					"DEBUG=1",
					"$(inherited)",
				);
				GCC_WARN_64_TO_32_BIT_CONVERSION = YES;
				GCC_WARN_ABOUT_RETURN_TYPE = YES_ERROR;
				GCC_WARN_UNDECLARED_SELECTOR = YES;
				GCC_WARN_UNINITIALIZED_AUTOS = YES_AGGRESSIVE;
				GCC_WARN_UNUSED_FUNCTION = YES;
				GCC_WARN_UNUSED_VARIABLE = YES;
				IPHONEOS_DEPLOYMENT_TARGET = 16.0;
				MTL_ENABLE_DEBUG_INFO = INCLUDE_SOURCE;
				MTL_FAST_MATH = YES;
				ONLY_ACTIVE_ARCH = YES;
				SDKROOT = iphoneos;
				SWIFT_ACTIVE_COMPILATION_CONDITIONS = DEBUG;
				SWIFT_OPTIMIZATION_LEVEL = "-Onone";
			};
			name = Debug;
		};
		F122A2F62ADB3886002E82AE /* Release */ = {
			isa = XCBuildConfiguration;
			buildSettings = {
				ALWAYS_SEARCH_USER_PATHS = NO;
				CLANG_ANALYZER_NONNULL = YES;
				CLANG_ANALYZER_NUMBER_OBJECT_CONVERSION = YES_AGGRESSIVE;
				CLANG_CXX_LANGUAGE_STANDARD = "gnu++20";
				CLANG_ENABLE_MODULES = YES;
				CLANG_ENABLE_OBJC_ARC = YES;
				CLANG_ENABLE_OBJC_WEAK = YES;
				CLANG_WARN_BLOCK_CAPTURE_AUTORELEASING = YES;
				CLANG_WARN_BOOL_CONVERSION = YES;
				CLANG_WARN_COMMA = YES;
				CLANG_WARN_CONSTANT_CONVERSION = YES;
				CLANG_WARN_DEPRECATED_OBJC_IMPLEMENTATIONS = YES;
				CLANG_WARN_DIRECT_OBJC_ISA_USAGE = YES_ERROR;
				CLANG_WARN_DOCUMENTATION_COMMENTS = YES;
				CLANG_WARN_EMPTY_BODY = YES;
				CLANG_WARN_ENUM_CONVERSION = YES;
				CLANG_WARN_INFINITE_RECURSION = YES;
				CLANG_WARN_INT_CONVERSION = YES;
				CLANG_WARN_NON_LITERAL_NULL_CONVERSION = YES;
				CLANG_WARN_OBJC_IMPLICIT_RETAIN_SELF = YES;
				CLANG_WARN_OBJC_LITERAL_CONVERSION = YES;
				CLANG_WARN_OBJC_ROOT_CLASS = YES_ERROR;
				CLANG_WARN_QUOTED_INCLUDE_IN_FRAMEWORK_HEADER = YES;
				CLANG_WARN_RANGE_LOOP_ANALYSIS = YES;
				CLANG_WARN_STRICT_PROTOTYPES = YES;
				CLANG_WARN_SUSPICIOUS_MOVE = YES;
				CLANG_WARN_UNGUARDED_AVAILABILITY = YES_AGGRESSIVE;
				CLANG_WARN_UNREACHABLE_CODE = YES;
				CLANG_WARN__DUPLICATE_METHOD_MATCH = YES;
				COPY_PHASE_STRIP = NO;
				DEBUG_INFORMATION_FORMAT = "dwarf-with-dsym";
				ENABLE_NS_ASSERTIONS = NO;
				ENABLE_STRICT_OBJC_MSGSEND = YES;
				GCC_C_LANGUAGE_STANDARD = gnu11;
				GCC_NO_COMMON_BLOCKS = YES;
				GCC_WARN_64_TO_32_BIT_CONVERSION = YES;
				GCC_WARN_ABOUT_RETURN_TYPE = YES_ERROR;
				GCC_WARN_UNDECLARED_SELECTOR = YES;
				GCC_WARN_UNINITIALIZED_AUTOS = YES_AGGRESSIVE;
				GCC_WARN_UNUSED_FUNCTION = YES;
				GCC_WARN_UNUSED_VARIABLE = YES;
				IPHONEOS_DEPLOYMENT_TARGET = 16.0;
				MTL_ENABLE_DEBUG_INFO = NO;
				MTL_FAST_MATH = YES;
				SDKROOT = iphoneos;
				SWIFT_COMPILATION_MODE = wholemodule;
				SWIFT_OPTIMIZATION_LEVEL = "-O";
				VALIDATE_PRODUCT = YES;
			};
			name = Release;
		};
		F122A2F82ADB3886002E82AE /* Debug */ = {
			isa = XCBuildConfiguration;
			buildSettings = {
				ASSETCATALOG_COMPILER_APPICON_NAME = AppIcon;
				ASSETCATALOG_COMPILER_GLOBAL_ACCENT_COLOR_NAME = AccentColor;
				CODE_SIGN_STYLE = Automatic;
				CURRENT_PROJECT_VERSION = 1;
				DEVELOPMENT_ASSET_PATHS = "\"Testing2/Preview Content\"";
				DEVELOPMENT_TEAM = W692UH5R35;
				ENABLE_PREVIEWS = YES;
				GENERATE_INFOPLIST_FILE = YES;
				INFOPLIST_KEY_UIApplicationSceneManifest_Generation = YES;
				INFOPLIST_KEY_UIApplicationSupportsIndirectInputEvents = YES;
				INFOPLIST_KEY_UILaunchScreen_Generation = YES;
				INFOPLIST_KEY_UISupportedInterfaceOrientations_iPad = "UIInterfaceOrientationPortrait UIInterfaceOrientationPortraitUpsideDown UIInterfaceOrientationLandscapeLeft UIInterfaceOrientationLandscapeRight";
				INFOPLIST_KEY_UISupportedInterfaceOrientations_iPhone = "UIInterfaceOrientationPortrait UIInterfaceOrientationLandscapeLeft UIInterfaceOrientationLandscapeRight";
				LD_RUNPATH_SEARCH_PATHS = (
					"$(inherited)",
					"@executable_path/Frameworks",
				);
				MARKETING_VERSION = 1.0;
				PRODUCT_BUNDLE_IDENTIFIER = com.montyharper.Testing2;
				PRODUCT_NAME = "$(TARGET_NAME)";
				SWIFT_EMIT_LOC_STRINGS = YES;
				SWIFT_VERSION = 5.0;
				TARGETED_DEVICE_FAMILY = "1,2";
			};
			name = Debug;
		};
		F122A2F92ADB3886002E82AE /* Release */ = {
			isa = XCBuildConfiguration;
			buildSettings = {
				ASSETCATALOG_COMPILER_APPICON_NAME = AppIcon;
				ASSETCATALOG_COMPILER_GLOBAL_ACCENT_COLOR_NAME = AccentColor;
				CODE_SIGN_STYLE = Automatic;
				CURRENT_PROJECT_VERSION = 1;
				DEVELOPMENT_ASSET_PATHS = "\"Testing2/Preview Content\"";
				DEVELOPMENT_TEAM = W692UH5R35;
				ENABLE_PREVIEWS = YES;
				GENERATE_INFOPLIST_FILE = YES;
				INFOPLIST_KEY_UIApplicationSceneManifest_Generation = YES;
				INFOPLIST_KEY_UIApplicationSupportsIndirectInputEvents = YES;
				INFOPLIST_KEY_UILaunchScreen_Generation = YES;
				INFOPLIST_KEY_UISupportedInterfaceOrientations_iPad = "UIInterfaceOrientationPortrait UIInterfaceOrientationPortraitUpsideDown UIInterfaceOrientationLandscapeLeft UIInterfaceOrientationLandscapeRight";
				INFOPLIST_KEY_UISupportedInterfaceOrientations_iPhone = "UIInterfaceOrientationPortrait UIInterfaceOrientationLandscapeLeft UIInterfaceOrientationLandscapeRight";
				LD_RUNPATH_SEARCH_PATHS = (
					"$(inherited)",
					"@executable_path/Frameworks",
				);
				MARKETING_VERSION = 1.0;
				PRODUCT_BUNDLE_IDENTIFIER = com.montyharper.Testing2;
				PRODUCT_NAME = "$(TARGET_NAME)";
				SWIFT_EMIT_LOC_STRINGS = YES;
				SWIFT_VERSION = 5.0;
				TARGETED_DEVICE_FAMILY = "1,2";
			};
			name = Release;
		};
		F122A2FB2ADB3886002E82AE /* Debug */ = {
			isa = XCBuildConfiguration;
			buildSettings = {
				ALWAYS_EMBED_SWIFT_STANDARD_LIBRARIES = YES;
				BUNDLE_LOADER = "$(TEST_HOST)";
				CODE_SIGN_STYLE = Automatic;
				CURRENT_PROJECT_VERSION = 1;
				DEVELOPMENT_TEAM = W692UH5R35;
				GENERATE_INFOPLIST_FILE = YES;
				IPHONEOS_DEPLOYMENT_TARGET = 16.0;
				MARKETING_VERSION = 1.0;
				PRODUCT_BUNDLE_IDENTIFIER = com.montyharper.Testing2Tests;
				PRODUCT_NAME = "$(TARGET_NAME)";
				SWIFT_EMIT_LOC_STRINGS = NO;
				SWIFT_VERSION = 5.0;
				TARGETED_DEVICE_FAMILY = "1,2";
				TEST_HOST = "$(BUILT_PRODUCTS_DIR)/Testing2.app/$(BUNDLE_EXECUTABLE_FOLDER_PATH)/Testing2";
			};
			name = Debug;
		};
		F122A2FC2ADB3886002E82AE /* Release */ = {
			isa = XCBuildConfiguration;
			buildSettings = {
				ALWAYS_EMBED_SWIFT_STANDARD_LIBRARIES = YES;
				BUNDLE_LOADER = "$(TEST_HOST)";
				CODE_SIGN_STYLE = Automatic;
				CURRENT_PROJECT_VERSION = 1;
				DEVELOPMENT_TEAM = W692UH5R35;
				GENERATE_INFOPLIST_FILE = YES;
				IPHONEOS_DEPLOYMENT_TARGET = 16.0;
				MARKETING_VERSION = 1.0;
				PRODUCT_BUNDLE_IDENTIFIER = com.montyharper.Testing2Tests;
				PRODUCT_NAME = "$(TARGET_NAME)";
				SWIFT_EMIT_LOC_STRINGS = NO;
				SWIFT_VERSION = 5.0;
				TARGETED_DEVICE_FAMILY = "1,2";
				TEST_HOST = "$(BUILT_PRODUCTS_DIR)/Testing2.app/$(BUNDLE_EXECUTABLE_FOLDER_PATH)/Testing2";
			};
			name = Release;
		};
		F122A2FE2ADB3886002E82AE /* Debug */ = {
			isa = XCBuildConfiguration;
			buildSettings = {
				ALWAYS_EMBED_SWIFT_STANDARD_LIBRARIES = YES;
				CODE_SIGN_STYLE = Automatic;
				CURRENT_PROJECT_VERSION = 1;
				DEVELOPMENT_TEAM = W692UH5R35;
				GENERATE_INFOPLIST_FILE = YES;
				MARKETING_VERSION = 1.0;
				PRODUCT_BUNDLE_IDENTIFIER = com.montyharper.Testing2UITests;
				PRODUCT_NAME = "$(TARGET_NAME)";
				SWIFT_EMIT_LOC_STRINGS = NO;
				SWIFT_VERSION = 5.0;
				TARGETED_DEVICE_FAMILY = "1,2";
				TEST_TARGET_NAME = Testing2;
			};
			name = Debug;
		};
		F122A2FF2ADB3886002E82AE /* Release */ = {
			isa = XCBuildConfiguration;
			buildSettings = {
				ALWAYS_EMBED_SWIFT_STANDARD_LIBRARIES = YES;
				CODE_SIGN_STYLE = Automatic;
				CURRENT_PROJECT_VERSION = 1;
				DEVELOPMENT_TEAM = W692UH5R35;
				GENERATE_INFOPLIST_FILE = YES;
				MARKETING_VERSION = 1.0;
				PRODUCT_BUNDLE_IDENTIFIER = com.montyharper.Testing2UITests;
				PRODUCT_NAME = "$(TARGET_NAME)";
				SWIFT_EMIT_LOC_STRINGS = NO;
				SWIFT_VERSION = 5.0;
				TARGETED_DEVICE_FAMILY = "1,2";
				TEST_TARGET_NAME = Testing2;
			};
			name = Release;
		};
/* End XCBuildConfiguration section */

/* Begin XCConfigurationList section */
		F122A2CE2ADB3882002E82AE /* Build configuration list for PBXProject "Testing2" */ = {
			isa = XCConfigurationList;
			buildConfigurations = (
				F122A2F52ADB3886002E82AE /* Debug */,
				F122A2F62ADB3886002E82AE /* Release */,
			);
			defaultConfigurationIsVisible = 0;
			defaultConfigurationName = Release;
		};
		F122A2F72ADB3886002E82AE /* Build configuration list for PBXNativeTarget "Testing2" */ = {
			isa = XCConfigurationList;
			buildConfigurations = (
				F122A2F82ADB3886002E82AE /* Debug */,
				F122A2F92ADB3886002E82AE /* Release */,
			);
			defaultConfigurationIsVisible = 0;
			defaultConfigurationName = Release;
		};
		F122A2FA2ADB3886002E82AE /* Build configuration list for PBXNativeTarget "Testing2Tests" */ = {
			isa = XCConfigurationList;
			buildConfigurations = (
				F122A2FB2ADB3886002E82AE /* Debug */,
				F122A2FC2ADB3886002E82AE /* Release */,
			);
			defaultConfigurationIsVisible = 0;
			defaultConfigurationName = Release;
		};
		F122A2FD2ADB3886002E82AE /* Build configuration list for PBXNativeTarget "Testing2UITests" */ = {
			isa = XCConfigurationList;
			buildConfigurations = (
				F122A2FE2ADB3886002E82AE /* Debug */,
				F122A2FF2ADB3886002E82AE /* Release */,
			);
			defaultConfigurationIsVisible = 0;
			defaultConfigurationName = Release;
		};
/* End XCConfigurationList section */
	};
	rootObject = F122A2CB2ADB3882002E82AE /* Project object */;
}
